
Microsoft Visual Studio Solution File, Format Version 12.00
# Visual Studio Version 16
VisualStudioVersion = 16.0.29215.179
MinimumVisualStudioVersion = 10.0.40219.1
Project("{FAE04EC0-301F-11D3-BF4B-00C04F79EFBC}") = "PrintingHW", "PrintingHW\PrintingHW.csproj", "{78B313D3-026C-4A44-A4C0-CD760FEDE4DE}"
EndProject
Global
	GlobalSection(SolutionConfigurationPlatforms) = preSolution
		Debug|Any CPU = Debug|Any CPU
		Release|Any CPU = Release|Any CPU
	EndGlobalSection
	GlobalSection(ProjectConfigurationPlatforms) = postSolution
		{78B313D3-026C-4A44-A4C0-CD760FEDE4DE}.Debug|Any CPU.ActiveCfg = Debug|Any CPU
		{78B313D3-026C-4A44-A4C0-CD760FEDE4DE}.Debug|Any CPU.Build.0 = Debug|Any CPU
		{78B313D3-026C-4A44-A4C0-CD760FEDE4DE}.Release|Any CPU.ActiveCfg = Release|Any CPU
		{78B313D3-026C-4A44-A4C0-CD760FEDE4DE}.Release|Any CPU.Build.0 = Release|Any CPU
	EndGlobalSection
	GlobalSection(SolutionProperties) = preSolution
		HideSolutionNode = FALSE
	EndGlobalSection
	GlobalSection(ExtensibilityGlobals) = postSolution
		SolutionGuid = {6DED468B-6A53-4DC3-8D3E-4A5199FC0C55}
	EndGlobalSection
EndGlobal
